
Microsoft Visual Studio Solution File, Format Version 12.00
Project("{FAE04EC0-301F-11D3-BF4B-00C04F79EFBC}") = "BrgyClearance", "BrgyClearance\BrgyClearance.csproj", "{6485EDCF-5CC5-4092-9879-182E340CD281}"
EndProject
Global
	GlobalSection(SolutionConfigurationPlatforms) = preSolution
		Debug|Any CPU = Debug|Any CPU
		Release|Any CPU = Release|Any CPU
	EndGlobalSection
	GlobalSection(ProjectConfigurationPlatforms) = postSolution
		{6485EDCF-5CC5-4092-9879-182E340CD281}.Debug|Any CPU.ActiveCfg = Debug|Any CPU
		{6485EDCF-5CC5-4092-9879-182E340CD281}.Debug|Any CPU.Build.0 = Debug|Any CPU
		{6485EDCF-5CC5-4092-9879-182E340CD281}.Release|Any CPU.ActiveCfg = Release|Any CPU
		{6485EDCF-5CC5-4092-9879-182E340CD281}.Release|Any CPU.Build.0 = Release|Any CPU
	EndGlobalSection
EndGlobal
